
Microsoft Visual Studio Solution File, Format Version 12.00
Project("{FAE04EC0-301F-11D3-BF4B-00C04F79EFBC}") = "SilkOpenGL", "SilkOpenGL\SilkOpenGL.csproj", "{B8BB728A-C51F-4074-BFD8-0D95C7EB1791}"
EndProject
Project("{FAE04EC0-301F-11D3-BF4B-00C04F79EFBC}") = "Lab2", "Lab2\Lab2.csproj", "{F9E7F2FD-F81D-4F47-AF2A-3232C2661E61}"
EndProject
Project("{FAE04EC0-301F-11D3-BF4B-00C04F79EFBC}") = "Lab3.Asteroids", "Lab3.Asteroids\Lab3.Asteroids.csproj", "{4129D366-3EA3-4705-8378-9419EAC42376}"
EndProject
Project("{FAE04EC0-301F-11D3-BF4B-00C04F79EFBC}") = "Lab3.FishTank", "Lab3.FishTank\Lab3.FishTank.csproj", "{14D7063F-99DD-4D3D-9E6B-E94BCC8030D7}"
EndProject
Project("{FAE04EC0-301F-11D3-BF4B-00C04F79EFBC}") = "Lab4.Dodecahedron", "OpenGL_Labs\Lab4.Dodecahedron\Lab4.Dodecahedron.csproj", "{C88C116F-D547-4DF2-A7A7-9097F30CB6B1}"
EndProject
Project("{FAE04EC0-301F-11D3-BF4B-00C04F79EFBC}") = "Lab4.KleinBottle", "Lab4.KleinBottle\Lab4.KleinBottle.csproj", "{20C4C174-0D04-46F3-A179-D7F5FDEEB7FB}"
EndProject
Project("{FAE04EC0-301F-11D3-BF4B-00C04F79EFBC}") = "Lab4.Labyrinth", "OpenGL_Labs\Lab4.Labyrinth\Lab4.Labyrinth.csproj", "{C04C3D61-F86B-4F64-A6AA-3EAFC31EF1CA}"
EndProject
Project("{FAE04EC0-301F-11D3-BF4B-00C04F79EFBC}") = "Bhop", "Bhop\Bhop.csproj", "{3187113F-8778-4B87-B1FA-58BBEE5BC079}"
EndProject
Project("{FAE04EC0-301F-11D3-BF4B-00C04F79EFBC}") = "Lab5.Tiles", "Lab5.Tiles\Lab5.Tiles.csproj", "{E6FB017D-F06A-4561-85FB-AC8553C5FAD8}"
EndProject
Global
	GlobalSection(SolutionConfigurationPlatforms) = preSolution
		Debug|Any CPU = Debug|Any CPU
		Debug|x64 = Debug|x64
		Debug|x86 = Debug|x86
		Release|Any CPU = Release|Any CPU
		Release|x64 = Release|x64
		Release|x86 = Release|x86
	EndGlobalSection
	GlobalSection(ProjectConfigurationPlatforms) = postSolution
		{B8BB728A-C51F-4074-BFD8-0D95C7EB1791}.Debug|Any CPU.ActiveCfg = Debug|Any CPU
		{B8BB728A-C51F-4074-BFD8-0D95C7EB1791}.Debug|Any CPU.Build.0 = Debug|Any CPU
		{B8BB728A-C51F-4074-BFD8-0D95C7EB1791}.Debug|x64.ActiveCfg = Debug|Any CPU
		{B8BB728A-C51F-4074-BFD8-0D95C7EB1791}.Debug|x64.Build.0 = Debug|Any CPU
		{B8BB728A-C51F-4074-BFD8-0D95C7EB1791}.Debug|x86.ActiveCfg = Debug|Any CPU
		{B8BB728A-C51F-4074-BFD8-0D95C7EB1791}.Debug|x86.Build.0 = Debug|Any CPU
		{B8BB728A-C51F-4074-BFD8-0D95C7EB1791}.Release|Any CPU.ActiveCfg = Release|Any CPU
		{B8BB728A-C51F-4074-BFD8-0D95C7EB1791}.Release|Any CPU.Build.0 = Release|Any CPU
		{B8BB728A-C51F-4074-BFD8-0D95C7EB1791}.Release|x64.ActiveCfg = Release|Any CPU
		{B8BB728A-C51F-4074-BFD8-0D95C7EB1791}.Release|x64.Build.0 = Release|Any CPU
		{B8BB728A-C51F-4074-BFD8-0D95C7EB1791}.Release|x86.ActiveCfg = Release|Any CPU
		{B8BB728A-C51F-4074-BFD8-0D95C7EB1791}.Release|x86.Build.0 = Release|Any CPU
		{F9E7F2FD-F81D-4F47-AF2A-3232C2661E61}.Debug|Any CPU.ActiveCfg = Debug|Any CPU
		{F9E7F2FD-F81D-4F47-AF2A-3232C2661E61}.Debug|Any CPU.Build.0 = Debug|Any CPU
		{F9E7F2FD-F81D-4F47-AF2A-3232C2661E61}.Debug|x64.ActiveCfg = Debug|Any CPU
		{F9E7F2FD-F81D-4F47-AF2A-3232C2661E61}.Debug|x64.Build.0 = Debug|Any CPU
		{F9E7F2FD-F81D-4F47-AF2A-3232C2661E61}.Debug|x86.ActiveCfg = Debug|Any CPU
		{F9E7F2FD-F81D-4F47-AF2A-3232C2661E61}.Debug|x86.Build.0 = Debug|Any CPU
		{F9E7F2FD-F81D-4F47-AF2A-3232C2661E61}.Release|Any CPU.ActiveCfg = Release|Any CPU
		{F9E7F2FD-F81D-4F47-AF2A-3232C2661E61}.Release|Any CPU.Build.0 = Release|Any CPU
		{F9E7F2FD-F81D-4F47-AF2A-3232C2661E61}.Release|x64.ActiveCfg = Release|Any CPU
		{F9E7F2FD-F81D-4F47-AF2A-3232C2661E61}.Release|x64.Build.0 = Release|Any CPU
		{F9E7F2FD-F81D-4F47-AF2A-3232C2661E61}.Release|x86.ActiveCfg = Release|Any CPU
		{F9E7F2FD-F81D-4F47-AF2A-3232C2661E61}.Release|x86.Build.0 = Release|Any CPU
		{4129D366-3EA3-4705-8378-9419EAC42376}.Debug|Any CPU.ActiveCfg = Debug|Any CPU
		{4129D366-3EA3-4705-8378-9419EAC42376}.Debug|Any CPU.Build.0 = Debug|Any CPU
		{4129D366-3EA3-4705-8378-9419EAC42376}.Debug|x64.ActiveCfg = Debug|Any CPU
		{4129D366-3EA3-4705-8378-9419EAC42376}.Debug|x64.Build.0 = Debug|Any CPU
		{4129D366-3EA3-4705-8378-9419EAC42376}.Debug|x86.ActiveCfg = Debug|Any CPU
		{4129D366-3EA3-4705-8378-9419EAC42376}.Debug|x86.Build.0 = Debug|Any CPU
		{4129D366-3EA3-4705-8378-9419EAC42376}.Release|Any CPU.ActiveCfg = Release|Any CPU
		{4129D366-3EA3-4705-8378-9419EAC42376}.Release|Any CPU.Build.0 = Release|Any CPU
		{4129D366-3EA3-4705-8378-9419EAC42376}.Release|x64.ActiveCfg = Release|Any CPU
		{4129D366-3EA3-4705-8378-9419EAC42376}.Release|x64.Build.0 = Release|Any CPU
		{4129D366-3EA3-4705-8378-9419EAC42376}.Release|x86.ActiveCfg = Release|Any CPU
		{4129D366-3EA3-4705-8378-9419EAC42376}.Release|x86.Build.0 = Release|Any CPU
		{14D7063F-99DD-4D3D-9E6B-E94BCC8030D7}.Debug|Any CPU.ActiveCfg = Debug|Any CPU
		{14D7063F-99DD-4D3D-9E6B-E94BCC8030D7}.Debug|Any CPU.Build.0 = Debug|Any CPU
		{14D7063F-99DD-4D3D-9E6B-E94BCC8030D7}.Debug|x64.ActiveCfg = Debug|Any CPU
		{14D7063F-99DD-4D3D-9E6B-E94BCC8030D7}.Debug|x64.Build.0 = Debug|Any CPU
		{14D7063F-99DD-4D3D-9E6B-E94BCC8030D7}.Debug|x86.ActiveCfg = Debug|Any CPU
		{14D7063F-99DD-4D3D-9E6B-E94BCC8030D7}.Debug|x86.Build.0 = Debug|Any CPU
		{14D7063F-99DD-4D3D-9E6B-E94BCC8030D7}.Release|Any CPU.ActiveCfg = Release|Any CPU
		{14D7063F-99DD-4D3D-9E6B-E94BCC8030D7}.Release|Any CPU.Build.0 = Release|Any CPU
		{14D7063F-99DD-4D3D-9E6B-E94BCC8030D7}.Release|x64.ActiveCfg = Release|Any CPU
		{14D7063F-99DD-4D3D-9E6B-E94BCC8030D7}.Release|x64.Build.0 = Release|Any CPU
		{14D7063F-99DD-4D3D-9E6B-E94BCC8030D7}.Release|x86.ActiveCfg = Release|Any CPU
		{14D7063F-99DD-4D3D-9E6B-E94BCC8030D7}.Release|x86.Build.0 = Release|Any CPU
		{C88C116F-D547-4DF2-A7A7-9097F30CB6B1}.Debug|Any CPU.ActiveCfg = Debug|Any CPU
		{C88C116F-D547-4DF2-A7A7-9097F30CB6B1}.Debug|Any CPU.Build.0 = Debug|Any CPU
		{C88C116F-D547-4DF2-A7A7-9097F30CB6B1}.Debug|x64.ActiveCfg = Debug|Any CPU
		{C88C116F-D547-4DF2-A7A7-9097F30CB6B1}.Debug|x64.Build.0 = Debug|Any CPU
		{C88C116F-D547-4DF2-A7A7-9097F30CB6B1}.Debug|x86.ActiveCfg = Debug|Any CPU
		{C88C116F-D547-4DF2-A7A7-9097F30CB6B1}.Debug|x86.Build.0 = Debug|Any CPU
		{C88C116F-D547-4DF2-A7A7-9097F30CB6B1}.Release|Any CPU.ActiveCfg = Release|Any CPU
		{C88C116F-D547-4DF2-A7A7-9097F30CB6B1}.Release|Any CPU.Build.0 = Release|Any CPU
		{C88C116F-D547-4DF2-A7A7-9097F30CB6B1}.Release|x64.ActiveCfg = Release|Any CPU
		{C88C116F-D547-4DF2-A7A7-9097F30CB6B1}.Release|x64.Build.0 = Release|Any CPU
		{C88C116F-D547-4DF2-A7A7-9097F30CB6B1}.Release|x86.ActiveCfg = Release|Any CPU
		{C88C116F-D547-4DF2-A7A7-9097F30CB6B1}.Release|x86.Build.0 = Release|Any CPU
		{20C4C174-0D04-46F3-A179-D7F5FDEEB7FB}.Debug|Any CPU.ActiveCfg = Debug|Any CPU
		{20C4C174-0D04-46F3-A179-D7F5FDEEB7FB}.Debug|Any CPU.Build.0 = Debug|Any CPU
		{20C4C174-0D04-46F3-A179-D7F5FDEEB7FB}.Debug|x64.ActiveCfg = Debug|Any CPU
		{20C4C174-0D04-46F3-A179-D7F5FDEEB7FB}.Debug|x64.Build.0 = Debug|Any CPU
		{20C4C174-0D04-46F3-A179-D7F5FDEEB7FB}.Debug|x86.ActiveCfg = Debug|Any CPU
		{20C4C174-0D04-46F3-A179-D7F5FDEEB7FB}.Debug|x86.Build.0 = Debug|Any CPU
		{20C4C174-0D04-46F3-A179-D7F5FDEEB7FB}.Release|Any CPU.ActiveCfg = Release|Any CPU
		{20C4C174-0D04-46F3-A179-D7F5FDEEB7FB}.Release|Any CPU.Build.0 = Release|Any CPU
		{20C4C174-0D04-46F3-A179-D7F5FDEEB7FB}.Release|x64.ActiveCfg = Release|Any CPU
		{20C4C174-0D04-46F3-A179-D7F5FDEEB7FB}.Release|x64.Build.0 = Release|Any CPU
		{20C4C174-0D04-46F3-A179-D7F5FDEEB7FB}.Release|x86.ActiveCfg = Release|Any CPU
		{20C4C174-0D04-46F3-A179-D7F5FDEEB7FB}.Release|x86.Build.0 = Release|Any CPU
		{C04C3D61-F86B-4F64-A6AA-3EAFC31EF1CA}.Debug|Any CPU.ActiveCfg = Debug|Any CPU
		{C04C3D61-F86B-4F64-A6AA-3EAFC31EF1CA}.Debug|Any CPU.Build.0 = Debug|Any CPU
		{C04C3D61-F86B-4F64-A6AA-3EAFC31EF1CA}.Debug|x64.ActiveCfg = Debug|Any CPU
		{C04C3D61-F86B-4F64-A6AA-3EAFC31EF1CA}.Debug|x64.Build.0 = Debug|Any CPU
		{C04C3D61-F86B-4F64-A6AA-3EAFC31EF1CA}.Debug|x86.ActiveCfg = Debug|Any CPU
		{C04C3D61-F86B-4F64-A6AA-3EAFC31EF1CA}.Debug|x86.Build.0 = Debug|Any CPU
		{C04C3D61-F86B-4F64-A6AA-3EAFC31EF1CA}.Release|Any CPU.ActiveCfg = Release|Any CPU
		{C04C3D61-F86B-4F64-A6AA-3EAFC31EF1CA}.Release|Any CPU.Build.0 = Release|Any CPU
		{C04C3D61-F86B-4F64-A6AA-3EAFC31EF1CA}.Release|x64.ActiveCfg = Release|Any CPU
		{C04C3D61-F86B-4F64-A6AA-3EAFC31EF1CA}.Release|x64.Build.0 = Release|Any CPU
		{C04C3D61-F86B-4F64-A6AA-3EAFC31EF1CA}.Release|x86.ActiveCfg = Release|Any CPU
		{C04C3D61-F86B-4F64-A6AA-3EAFC31EF1CA}.Release|x86.Build.0 = Release|Any CPU
		{3187113F-8778-4B87-B1FA-58BBEE5BC079}.Debug|Any CPU.ActiveCfg = Debug|Any CPU
		{3187113F-8778-4B87-B1FA-58BBEE5BC079}.Debug|Any CPU.Build.0 = Debug|Any CPU
		{3187113F-8778-4B87-B1FA-58BBEE5BC079}.Debug|x64.ActiveCfg = Debug|Any CPU
		{3187113F-8778-4B87-B1FA-58BBEE5BC079}.Debug|x64.Build.0 = Debug|Any CPU
		{3187113F-8778-4B87-B1FA-58BBEE5BC079}.Debug|x86.ActiveCfg = Debug|Any CPU
		{3187113F-8778-4B87-B1FA-58BBEE5BC079}.Debug|x86.Build.0 = Debug|Any CPU
		{3187113F-8778-4B87-B1FA-58BBEE5BC079}.Release|Any CPU.ActiveCfg = Release|Any CPU
		{3187113F-8778-4B87-B1FA-58BBEE5BC079}.Release|Any CPU.Build.0 = Release|Any CPU
		{3187113F-8778-4B87-B1FA-58BBEE5BC079}.Release|x64.ActiveCfg = Release|Any CPU
		{3187113F-8778-4B87-B1FA-58BBEE5BC079}.Release|x64.Build.0 = Release|Any CPU
		{3187113F-8778-4B87-B1FA-58BBEE5BC079}.Release|x86.ActiveCfg = Release|Any CPU
		{3187113F-8778-4B87-B1FA-58BBEE5BC079}.Release|x86.Build.0 = Release|Any CPU
		{E6FB017D-F06A-4561-85FB-AC8553C5FAD8}.Debug|Any CPU.ActiveCfg = Debug|Any CPU
		{E6FB017D-F06A-4561-85FB-AC8553C5FAD8}.Debug|Any CPU.Build.0 = Debug|Any CPU
		{E6FB017D-F06A-4561-85FB-AC8553C5FAD8}.Debug|x64.ActiveCfg = Debug|Any CPU
		{E6FB017D-F06A-4561-85FB-AC8553C5FAD8}.Debug|x64.Build.0 = Debug|Any CPU
		{E6FB017D-F06A-4561-85FB-AC8553C5FAD8}.Debug|x86.ActiveCfg = Debug|Any CPU
		{E6FB017D-F06A-4561-85FB-AC8553C5FAD8}.Debug|x86.Build.0 = Debug|Any CPU
		{E6FB017D-F06A-4561-85FB-AC8553C5FAD8}.Release|Any CPU.ActiveCfg = Release|Any CPU
		{E6FB017D-F06A-4561-85FB-AC8553C5FAD8}.Release|Any CPU.Build.0 = Release|Any CPU
		{E6FB017D-F06A-4561-85FB-AC8553C5FAD8}.Release|x64.ActiveCfg = Release|Any CPU
		{E6FB017D-F06A-4561-85FB-AC8553C5FAD8}.Release|x64.Build.0 = Release|Any CPU
		{E6FB017D-F06A-4561-85FB-AC8553C5FAD8}.Release|x86.ActiveCfg = Release|Any CPU
		{E6FB017D-F06A-4561-85FB-AC8553C5FAD8}.Release|x86.Build.0 = Release|Any CPU
	EndGlobalSection
	GlobalSection(SolutionProperties) = preSolution
		HideSolutionNode = FALSE
	EndGlobalSection
EndGlobal
