
Microsoft Visual Studio Solution File, Format Version 12.00
Project("{FAE04EC0-301F-11D3-BF4B-00C04F79EFBC}") = "SilkOpenGL", "SilkOpenGL\SilkOpenGL.csproj", "{B8BB728A-C51F-4074-BFD8-0D95C7EB1791}"
EndProject
Project("{FAE04EC0-301F-11D3-BF4B-00C04F79EFBC}") = "Lab2", "Lab2\Lab2.csproj", "{F9E7F2FD-F81D-4F47-AF2A-3232C2661E61}"
EndProject
Project("{FAE04EC0-301F-11D3-BF4B-00C04F79EFBC}") = "Lab3.Asteroids", "Lab3.Asteroids\Lab3.Asteroids.csproj", "{4129D366-3EA3-4705-8378-9419EAC42376}"
EndProject
Project("{FAE04EC0-301F-11D3-BF4B-00C04F79EFBC}") = "Lab3.FishTank", "Lab3.FishTank\Lab3.FishTank.csproj", "{14D7063F-99DD-4D3D-9E6B-E94BCC8030D7}"
EndProject
Global
	GlobalSection(SolutionConfigurationPlatforms) = preSolution
		Debug|Any CPU = Debug|Any CPU
		Release|Any CPU = Release|Any CPU
	EndGlobalSection
	GlobalSection(ProjectConfigurationPlatforms) = postSolution
		{B8BB728A-C51F-4074-BFD8-0D95C7EB1791}.Debug|Any CPU.ActiveCfg = Debug|Any CPU
		{B8BB728A-C51F-4074-BFD8-0D95C7EB1791}.Debug|Any CPU.Build.0 = Debug|Any CPU
		{B8BB728A-C51F-4074-BFD8-0D95C7EB1791}.Release|Any CPU.ActiveCfg = Release|Any CPU
		{B8BB728A-C51F-4074-BFD8-0D95C7EB1791}.Release|Any CPU.Build.0 = Release|Any CPU
		{F9E7F2FD-F81D-4F47-AF2A-3232C2661E61}.Debug|Any CPU.ActiveCfg = Debug|Any CPU
		{F9E7F2FD-F81D-4F47-AF2A-3232C2661E61}.Debug|Any CPU.Build.0 = Debug|Any CPU
		{F9E7F2FD-F81D-4F47-AF2A-3232C2661E61}.Release|Any CPU.ActiveCfg = Release|Any CPU
		{F9E7F2FD-F81D-4F47-AF2A-3232C2661E61}.Release|Any CPU.Build.0 = Release|Any CPU
		{4129D366-3EA3-4705-8378-9419EAC42376}.Debug|Any CPU.ActiveCfg = Debug|Any CPU
		{4129D366-3EA3-4705-8378-9419EAC42376}.Debug|Any CPU.Build.0 = Debug|Any CPU
		{4129D366-3EA3-4705-8378-9419EAC42376}.Release|Any CPU.ActiveCfg = Release|Any CPU
		{4129D366-3EA3-4705-8378-9419EAC42376}.Release|Any CPU.Build.0 = Release|Any CPU
		{14D7063F-99DD-4D3D-9E6B-E94BCC8030D7}.Debug|Any CPU.ActiveCfg = Debug|Any CPU
		{14D7063F-99DD-4D3D-9E6B-E94BCC8030D7}.Debug|Any CPU.Build.0 = Debug|Any CPU
		{14D7063F-99DD-4D3D-9E6B-E94BCC8030D7}.Release|Any CPU.ActiveCfg = Release|Any CPU
		{14D7063F-99DD-4D3D-9E6B-E94BCC8030D7}.Release|Any CPU.Build.0 = Release|Any CPU
	EndGlobalSection
EndGlobal
